Microsoft Visual Studio Solution File, Format Version 12.00
# Visual Studio Version 16
VisualStudioVersion = 16.0.29709.97
MinimumVisualStudioVersion = 15.0.26124.0
Project("{2150E333-8FDC-42A3-9474-1A3956D46DE8}") = "test", "test", "{36E9B400-7AB1-47E5-9D93-4F5E9049CB25}"
EndProject
Project("{9A19103F-16F7-4668-BE54-9A1E7A4F7556}") = "Sodium.Tests", "test\Sodium.Tests\Sodium.Tests.csproj", "{3C9C640E-9134-4EE7-AFA3-4BA99A12D287}"
EndProject
Project("{2150E333-8FDC-42A3-9474-1A3956D46DE8}") = "src", "src", "{C436A2F7-76A5-4F7F-B71B-E6A72766FC5C}"
EndProject
Project("{9A19103F-16F7-4668-BE54-9A1E7A4F7556}") = "Sodium.Core", "src\Sodium.Core\Sodium.Core.csproj", "{82926129-541C-424B-A2EB-49EA383CADDD}"
EndProject
Project("{2150E333-8FDC-42A3-9474-1A3956D46DE8}") = "Solution Items", "Solution Items", "{06C53E1E-1094-4A7B-9E33-53FA9E7A5AFC}"
	ProjectSection(SolutionItems) = preProject
		.editorconfig = .editorconfig
		.gitattributes = .gitattributes
		.gitignore = .gitignore
		Contributors.md = Contributors.md
		LICENSE = LICENSE
		README.md = README.md
	EndProjectSection
EndProject
Global
	GlobalSection(SolutionConfigurationPlatforms) = preSolution
		Debug|Any CPU = Debug|Any CPU
		Debug|x64 = Debug|x64
		Debug|x86 = Debug|x86
		Release|Any CPU = Release|Any CPU
		Release|x64 = Release|x64
		Release|x86 = Release|x86
	EndGlobalSection
	GlobalSection(ProjectConfigurationPlatforms) = postSolution
		{3C9C640E-9134-4EE7-AFA3-4BA99A12D287}.Debug|Any CPU.ActiveCfg = Debug|Any CPU
		{3C9C640E-9134-4EE7-AFA3-4BA99A12D287}.Debug|Any CPU.Build.0 = Debug|Any CPU
		{3C9C640E-9134-4EE7-AFA3-4BA99A12D287}.Debug|x64.ActiveCfg = Debug|Any CPU
		{3C9C640E-9134-4EE7-AFA3-4BA99A12D287}.Debug|x64.Build.0 = Debug|Any CPU
		{3C9C640E-9134-4EE7-AFA3-4BA99A12D287}.Debug|x86.ActiveCfg = Debug|Any CPU
		{3C9C640E-9134-4EE7-AFA3-4BA99A12D287}.Debug|x86.Build.0 = Debug|Any CPU
		{3C9C640E-9134-4EE7-AFA3-4BA99A12D287}.Release|Any CPU.ActiveCfg = Release|Any CPU
		{3C9C640E-9134-4EE7-AFA3-4BA99A12D287}.Release|Any CPU.Build.0 = Release|Any CPU
		{3C9C640E-9134-4EE7-AFA3-4BA99A12D287}.Release|x64.ActiveCfg = Release|Any CPU
		{3C9C640E-9134-4EE7-AFA3-4BA99A12D287}.Release|x64.Build.0 = Release|Any CPU
		{3C9C640E-9134-4EE7-AFA3-4BA99A12D287}.Release|x86.ActiveCfg = Release|Any CPU
		{3C9C640E-9134-4EE7-AFA3-4BA99A12D287}.Release|x86.Build.0 = Release|Any CPU
		{82926129-541C-424B-A2EB-49EA383CADDD}.Debug|Any CPU.ActiveCfg = Debug|Any CPU
		{82926129-541C-424B-A2EB-49EA383CADDD}.Debug|Any CPU.Build.0 = Debug|Any CPU
		{82926129-541C-424B-A2EB-49EA383CADDD}.Debug|x64.ActiveCfg = Debug|Any CPU
		{82926129-541C-424B-A2EB-49EA383CADDD}.Debug|x64.Build.0 = Debug|Any CPU
		{82926129-541C-424B-A2EB-49EA383CADDD}.Debug|x86.ActiveCfg = Debug|Any CPU
		{82926129-541C-424B-A2EB-49EA383CADDD}.Debug|x86.Build.0 = Debug|Any CPU
		{82926129-541C-424B-A2EB-49EA383CADDD}.Release|Any CPU.ActiveCfg = Release|Any CPU
		{82926129-541C-424B-A2EB-49EA383CADDD}.Release|Any CPU.Build.0 = Release|Any CPU
		{82926129-541C-424B-A2EB-49EA383CADDD}.Release|x64.ActiveCfg = Release|Any CPU
		{82926129-541C-424B-A2EB-49EA383CADDD}.Release|x64.Build.0 = Release|Any CPU
		{82926129-541C-424B-A2EB-49EA383CADDD}.Release|x86.ActiveCfg = Release|Any CPU
		{82926129-541C-424B-A2EB-49EA383CADDD}.Release|x86.Build.0 = Release|Any CPU
	EndGlobalSection
	GlobalSection(SolutionProperties) = preSolution
		HideSolutionNode = FALSE
	EndGlobalSection
	GlobalSection(NestedProjects) = preSolution
		{3C9C640E-9134-4EE7-AFA3-4BA99A12D287} = {36E9B400-7AB1-47E5-9D93-4F5E9049CB25}
		{82926129-541C-424B-A2EB-49EA383CADDD} = {C436A2F7-76A5-4F7F-B71B-E6A72766FC5C}
	EndGlobalSection
	GlobalSection(ExtensibilityGlobals) = postSolution
		SolutionGuid = {2735E965-4924-482B-9205-78552CB1518B}
	EndGlobalSection
EndGlobal
